
Microsoft Visual Studio Solution File, Format Version 12.00
# Visual Studio Version 16
VisualStudioVersion = 16.0.29613.14
MinimumVisualStudioVersion = 10.0.40219.1
Project("{FAE04EC0-301F-11D3-BF4B-00C04F79EFBC}") = "ReportLibraryDemo", "ReportLibraryDemo\ReportLibraryDemo.csproj", "{DB691972-5698-4A7A-A854-B6BBD10C988B}"
EndProject
Project("{FAE04EC0-301F-11D3-BF4B-00C04F79EFBC}") = "WindowsFormsApp1", "WindowsFormsApp1\WindowsFormsApp1.csproj", "{A2C6B3A3-B80A-40E4-AEDF-B6BC7DE231E1}"
	ProjectSection(ProjectDependencies) = postProject
		{DE87BD10-DF62-4B4B-8755-E96DD5264831} = {DE87BD10-DF62-4B4B-8755-E96DD5264831}
	EndProjectSection
EndProject
Project("{9A19103F-16F7-4668-BE54-9A1E7A4F7556}") = "DataModels", "DataModels\DataModels.csproj", "{795AB4E1-19E0-4C44-8401-24B4F2CD179B}"
EndProject
Project("{FAE04EC0-301F-11D3-BF4B-00C04F79EFBC}") = "WindowsService", "WindowsService\WindowsService.csproj", "{DE87BD10-DF62-4B4B-8755-E96DD5264831}"
EndProject
Global
	GlobalSection(SolutionConfigurationPlatforms) = preSolution
		Debug|Any CPU = Debug|Any CPU
		Release|Any CPU = Release|Any CPU
	EndGlobalSection
	GlobalSection(ProjectConfigurationPlatforms) = postSolution
		{DB691972-5698-4A7A-A854-B6BBD10C988B}.Debug|Any CPU.ActiveCfg = Debug|Any CPU
		{DB691972-5698-4A7A-A854-B6BBD10C988B}.Debug|Any CPU.Build.0 = Debug|Any CPU
		{DB691972-5698-4A7A-A854-B6BBD10C988B}.Release|Any CPU.ActiveCfg = Release|Any CPU
		{DB691972-5698-4A7A-A854-B6BBD10C988B}.Release|Any CPU.Build.0 = Release|Any CPU
		{A2C6B3A3-B80A-40E4-AEDF-B6BC7DE231E1}.Debug|Any CPU.ActiveCfg = Debug|Any CPU
		{A2C6B3A3-B80A-40E4-AEDF-B6BC7DE231E1}.Debug|Any CPU.Build.0 = Debug|Any CPU
		{A2C6B3A3-B80A-40E4-AEDF-B6BC7DE231E1}.Release|Any CPU.ActiveCfg = Release|Any CPU
		{A2C6B3A3-B80A-40E4-AEDF-B6BC7DE231E1}.Release|Any CPU.Build.0 = Release|Any CPU
		{795AB4E1-19E0-4C44-8401-24B4F2CD179B}.Debug|Any CPU.ActiveCfg = Debug|Any CPU
		{795AB4E1-19E0-4C44-8401-24B4F2CD179B}.Debug|Any CPU.Build.0 = Debug|Any CPU
		{795AB4E1-19E0-4C44-8401-24B4F2CD179B}.Release|Any CPU.ActiveCfg = Release|Any CPU
		{795AB4E1-19E0-4C44-8401-24B4F2CD179B}.Release|Any CPU.Build.0 = Release|Any CPU
		{DE87BD10-DF62-4B4B-8755-E96DD5264831}.Debug|Any CPU.ActiveCfg = Debug|Any CPU
		{DE87BD10-DF62-4B4B-8755-E96DD5264831}.Debug|Any CPU.Build.0 = Debug|Any CPU
		{DE87BD10-DF62-4B4B-8755-E96DD5264831}.Release|Any CPU.ActiveCfg = Release|Any CPU
		{DE87BD10-DF62-4B4B-8755-E96DD5264831}.Release|Any CPU.Build.0 = Release|Any CPU
	EndGlobalSection
	GlobalSection(SolutionProperties) = preSolution
		HideSolutionNode = FALSE
	EndGlobalSection
	GlobalSection(ExtensibilityGlobals) = postSolution
		SolutionGuid = {39AA708C-4273-44B4-A805-D824D7780625}
	EndGlobalSection
EndGlobal
